// !$*UTF8*$!
{
	archiveVersion = 1;
	classes = {
	};
	objectVersion = 50;
	objects = {

/* Begin PBXBuildFile section */
		B623712B20C08803007D5E4C /* AppDelegate.swift in Sources */ = {isa = PBXBuildFile; fileRef = B623712A20C08803007D5E4C /* AppDelegate.swift */; };
		B623712D20C08803007D5E4C /* ViewController.swift in Sources */ = {isa = PBXBuildFile; fileRef = B623712C20C08803007D5E4C /* ViewController.swift */; };
		B623713220C08804007D5E4C /* Assets.xcassets in Resources */ = {isa = PBXBuildFile; fileRef = B623713120C08804007D5E4C /* Assets.xcassets */; };
		B623713520C08804007D5E4C /* LaunchScreen.storyboard in Resources */ = {isa = PBXBuildFile; fileRef = B623713320C08804007D5E4C /* LaunchScreen.storyboard */; };
		B623713F20C08A91007D5E4C /* UIColor.swift in Sources */ = {isa = PBXBuildFile; fileRef = B623713E20C08A91007D5E4C /* UIColor.swift */; };
		B623714420C092B4007D5E4C /* UIView.swift in Sources */ = {isa = PBXBuildFile; fileRef = B623714320C092B4007D5E4C /* UIView.swift */; };
		B623714820C2397F007D5E4C /* LoginForm.swift in Sources */ = {isa = PBXBuildFile; fileRef = B623714720C2397F007D5E4C /* LoginForm.swift */; };
		B623714A20C2FA2C007D5E4C /* Helper.swift in Sources */ = {isa = PBXBuildFile; fileRef = B623714920C2FA2C007D5E4C /* Helper.swift */; };
		B623714C20C31003007D5E4C /* UIFont.swift in Sources */ = {isa = PBXBuildFile; fileRef = B623714B20C31003007D5E4C /* UIFont.swift */; };
		B623714E20C31035007D5E4C /* UILabel.swift in Sources */ = {isa = PBXBuildFile; fileRef = B623714D20C31035007D5E4C /* UILabel.swift */; };
		B623715020C32B5F007D5E4C /* UIViewController.swift in Sources */ = {isa = PBXBuildFile; fileRef = B623714F20C32B5F007D5E4C /* UIViewController.swift */; };
		B623715220C32C67007D5E4C /* TextField.swift in Sources */ = {isa = PBXBuildFile; fileRef = B623715120C32C67007D5E4C /* TextField.swift */; };
		B6BDBE4D20C336E80016BAB5 /* UIButton.swift in Sources */ = {isa = PBXBuildFile; fileRef = B6BDBE4C20C336E80016BAB5 /* UIButton.swift */; };
/* End PBXBuildFile section */

/* Begin PBXFileReference section */
		B623712720C08803007D5E4C /* lolStalker.app */ = {isa = PBXFileReference; explicitFileType = wrapper.application; includeInIndex = 0; path = lolStalker.app; sourceTree = BUILT_PRODUCTS_DIR; };
		B623712A20C08803007D5E4C /* AppDelegate.swift */ = {isa = PBXFileReference; lastKnownFileType = sourcecode.swift; path = AppDelegate.swift; sourceTree = "<group>"; };
		B623712C20C08803007D5E4C /* ViewController.swift */ = {isa = PBXFileReference; lastKnownFileType = sourcecode.swift; path = ViewController.swift; sourceTree = "<group>"; };
		B623713120C08804007D5E4C /* Assets.xcassets */ = {isa = PBXFileReference; lastKnownFileType = folder.assetcatalog; path = Assets.xcassets; sourceTree = "<group>"; };
		B623713420C08804007D5E4C /* Base */ = {isa = PBXFileReference; lastKnownFileType = file.storyboard; name = Base; path = Base.lproj/LaunchScreen.storyboard; sourceTree = "<group>"; };
		B623713620C08804007D5E4C /* Info.plist */ = {isa = PBXFileReference; lastKnownFileType = text.plist.xml; path = Info.plist; sourceTree = "<group>"; };
		B623713E20C08A91007D5E4C /* UIColor.swift */ = {isa = PBXFileReference; lastKnownFileType = sourcecode.swift; path = UIColor.swift; sourceTree = "<group>"; };
		B623714320C092B4007D5E4C /* UIView.swift */ = {isa = PBXFileReference; lastKnownFileType = sourcecode.swift; path = UIView.swift; sourceTree = "<group>"; };
		B623714720C2397F007D5E4C /* LoginForm.swift */ = {isa = PBXFileReference; lastKnownFileType = sourcecode.swift; path = LoginForm.swift; sourceTree = "<group>"; };
		B623714920C2FA2C007D5E4C /* Helper.swift */ = {isa = PBXFileReference; lastKnownFileType = sourcecode.swift; path = Helper.swift; sourceTree = "<group>"; };
		B623714B20C31003007D5E4C /* UIFont.swift */ = {isa = PBXFileReference; lastKnownFileType = sourcecode.swift; path = UIFont.swift; sourceTree = "<group>"; };
		B623714D20C31035007D5E4C /* UILabel.swift */ = {isa = PBXFileReference; lastKnownFileType = sourcecode.swift; path = UILabel.swift; sourceTree = "<group>"; };
		B623714F20C32B5F007D5E4C /* UIViewController.swift */ = {isa = PBXFileReference; lastKnownFileType = sourcecode.swift; path = UIViewController.swift; sourceTree = "<group>"; };
		B623715120C32C67007D5E4C /* TextField.swift */ = {isa = PBXFileReference; lastKnownFileType = sourcecode.swift; path = TextField.swift; sourceTree = "<group>"; };
		B6BDBE4C20C336E80016BAB5 /* UIButton.swift */ = {isa = PBXFileReference; lastKnownFileType = sourcecode.swift; path = UIButton.swift; sourceTree = "<group>"; };
/* End PBXFileReference section */

/* Begin PBXFrameworksBuildPhase section */
		B623712420C08803007D5E4C /* Frameworks */ = {
			isa = PBXFrameworksBuildPhase;
			buildActionMask = 2147483647;
			files = (
			);
			runOnlyForDeploymentPostprocessing = 0;
		};
/* End PBXFrameworksBuildPhase section */

/* Begin PBXGroup section */
		B623711E20C08803007D5E4C = {
			isa = PBXGroup;
			children = (
				B623712920C08803007D5E4C /* lolStalker */,
				B623712820C08803007D5E4C /* Products */,
			);
			sourceTree = "<group>";
		};
		B623712820C08803007D5E4C /* Products */ = {
			isa = PBXGroup;
			children = (
				B623712720C08803007D5E4C /* lolStalker.app */,
			);
			name = Products;
			sourceTree = "<group>";
		};
		B623712920C08803007D5E4C /* lolStalker */ = {
			isa = PBXGroup;
			children = (
				B623714620C092F9007D5E4C /* view controllers */,
				B623714520C092ED007D5E4C /* misc */,
				B623714020C08DAA007D5E4C /* custom controls */,
				B623713C20C0895C007D5E4C /* extensions */,
				B623713120C08804007D5E4C /* Assets.xcassets */,
				B623713320C08804007D5E4C /* LaunchScreen.storyboard */,
				B623713620C08804007D5E4C /* Info.plist */,
			);
			path = lolStalker;
			sourceTree = "<group>";
		};
		B623713C20C0895C007D5E4C /* extensions */ = {
			isa = PBXGroup;
			children = (
				B623713E20C08A91007D5E4C /* UIColor.swift */,
				B623714320C092B4007D5E4C /* UIView.swift */,
				B623714B20C31003007D5E4C /* UIFont.swift */,
				B623714D20C31035007D5E4C /* UILabel.swift */,
				B623714F20C32B5F007D5E4C /* UIViewController.swift */,
				B6BDBE4C20C336E80016BAB5 /* UIButton.swift */,
			);
			path = extensions;
			sourceTree = "<group>";
		};
		B623714020C08DAA007D5E4C /* custom controls */ = {
			isa = PBXGroup;
			children = (
				B623714720C2397F007D5E4C /* LoginForm.swift */,
				B623715120C32C67007D5E4C /* TextField.swift */,
			);
			path = "custom controls";
			sourceTree = "<group>";
		};
		B623714520C092ED007D5E4C /* misc */ = {
			isa = PBXGroup;
			children = (
				B623712A20C08803007D5E4C /* AppDelegate.swift */,
				B623714920C2FA2C007D5E4C /* Helper.swift */,
			);
			path = misc;
			sourceTree = "<group>";
		};
		B623714620C092F9007D5E4C /* view controllers */ = {
			isa = PBXGroup;
			children = (
				B623712C20C08803007D5E4C /* ViewController.swift */,
			);
			path = "view controllers";
			sourceTree = "<group>";
		};
/* End PBXGroup section */

/* Begin PBXNativeTarget section */
		B623712620C08803007D5E4C /* lolStalker */ = {
			isa = PBXNativeTarget;
			buildConfigurationList = B623713920C08804007D5E4C /* Build configuration list for PBXNativeTarget "lolStalker" */;
			buildPhases = (
				B623712320C08803007D5E4C /* Sources */,
				B623712420C08803007D5E4C /* Frameworks */,
				B623712520C08803007D5E4C /* Resources */,
			);
			buildRules = (
			);
			dependencies = (
			);
			name = lolStalker;
			productName = lolStalker;
			productReference = B623712720C08803007D5E4C /* lolStalker.app */;
			productType = "com.apple.product-type.application";
		};
/* End PBXNativeTarget section */

/* Begin PBXProject section */
		B623711F20C08803007D5E4C /* Project object */ = {
			isa = PBXProject;
			attributes = {
				LastSwiftUpdateCheck = 0930;
				LastUpgradeCheck = 0930;
				ORGANIZATIONNAME = "Muhand Jumah";
				TargetAttributes = {
					B623712620C08803007D5E4C = {
						CreatedOnToolsVersion = 9.3.1;
					};
				};
			};
			buildConfigurationList = B623712220C08803007D5E4C /* Build configuration list for PBXProject "lolStalker" */;
			compatibilityVersion = "Xcode 9.3";
			developmentRegion = en;
			hasScannedForEncodings = 0;
			knownRegions = (
				en,
				Base,
			);
			mainGroup = B623711E20C08803007D5E4C;
			productRefGroup = B623712820C08803007D5E4C /* Products */;
			projectDirPath = "";
			projectRoot = "";
			targets = (
				B623712620C08803007D5E4C /* lolStalker */,
			);
		};
/* End PBXProject section */

/* Begin PBXResourcesBuildPhase section */
		B623712520C08803007D5E4C /* Resources */ = {
			isa = PBXResourcesBuildPhase;
			buildActionMask = 2147483647;
			files = (
				B623713520C08804007D5E4C /* LaunchScreen.storyboard in Resources */,
				B623713220C08804007D5E4C /* Assets.xcassets in Resources */,
			);
			runOnlyForDeploymentPostprocessing = 0;
		};
/* End PBXResourcesBuildPhase section */

/* Begin PBXSourcesBuildPhase section */
		B623712320C08803007D5E4C /* Sources */ = {
			isa = PBXSourcesBuildPhase;
			buildActionMask = 2147483647;
			files = (
				B623714820C2397F007D5E4C /* LoginForm.swift in Sources */,
				B623714420C092B4007D5E4C /* UIView.swift in Sources */,
				B623715020C32B5F007D5E4C /* UIViewController.swift in Sources */,
				B623715220C32C67007D5E4C /* TextField.swift in Sources */,
				B623712D20C08803007D5E4C /* ViewController.swift in Sources */,
				B623714C20C31003007D5E4C /* UIFont.swift in Sources */,
				B623713F20C08A91007D5E4C /* UIColor.swift in Sources */,
				B623712B20C08803007D5E4C /* AppDelegate.swift in Sources */,
				B6BDBE4D20C336E80016BAB5 /* UIButton.swift in Sources */,
				B623714E20C31035007D5E4C /* UILabel.swift in Sources */,
				B623714A20C2FA2C007D5E4C /* Helper.swift in Sources */,
			);
			runOnlyForDeploymentPostprocessing = 0;
		};
/* End PBXSourcesBuildPhase section */

/* Begin PBXVariantGroup section */
		B623713320C08804007D5E4C /* LaunchScreen.storyboard */ = {
			isa = PBXVariantGroup;
			children = (
				B623713420C08804007D5E4C /* Base */,
			);
			name = LaunchScreen.storyboard;
			sourceTree = "<group>";
		};
/* End PBXVariantGroup section */

/* Begin XCBuildConfiguration section */
		B623713720C08804007D5E4C /* Debug */ = {
			isa = XCBuildConfiguration;
			buildSettings = {
				ALWAYS_SEARCH_USER_PATHS = NO;
				CLANG_ANALYZER_NONNULL = YES;
				CLANG_ANALYZER_NUMBER_OBJECT_CONVERSION = YES_AGGRESSIVE;
				CLANG_CXX_LANGUAGE_STANDARD = "gnu++14";
				CLANG_CXX_LIBRARY = "libc++";
				CLANG_ENABLE_MODULES = YES;
				CLANG_ENABLE_OBJC_ARC = YES;
				CLANG_ENABLE_OBJC_WEAK = YES;
				CLANG_WARN_BLOCK_CAPTURE_AUTORELEASING = YES;
				CLANG_WARN_BOOL_CONVERSION = YES;
				CLANG_WARN_COMMA = YES;
				CLANG_WARN_CONSTANT_CONVERSION = YES;
				CLANG_WARN_DEPRECATED_OBJC_IMPLEMENTATIONS = YES;
				CLANG_WARN_DIRECT_OBJC_ISA_USAGE = YES_ERROR;
				CLANG_WARN_DOCUMENTATION_COMMENTS = YES;
				CLANG_WARN_EMPTY_BODY = YES;
				CLANG_WARN_ENUM_CONVERSION = YES;
				CLANG_WARN_INFINITE_RECURSION = YES;
				CLANG_WARN_INT_CONVERSION = YES;
				CLANG_WARN_NON_LITERAL_NULL_CONVERSION = YES;
				CLANG_WARN_OBJC_IMPLICIT_RETAIN_SELF = YES;
				CLANG_WARN_OBJC_LITERAL_CONVERSION = YES;
				CLANG_WARN_OBJC_ROOT_CLASS = YES_ERROR;
				CLANG_WARN_RANGE_LOOP_ANALYSIS = YES;
				CLANG_WARN_STRICT_PROTOTYPES = YES;
				CLANG_WARN_SUSPICIOUS_MOVE = YES;
				CLANG_WARN_UNGUARDED_AVAILABILITY = YES_AGGRESSIVE;
				CLANG_WARN_UNREACHABLE_CODE = YES;
				CLANG_WARN__DUPLICATE_METHOD_MATCH = YES;
				CODE_SIGN_IDENTITY = "iPhone Developer";
				COPY_PHASE_STRIP = NO;
				DEBUG_INFORMATION_FORMAT = dwarf;
				ENABLE_STRICT_OBJC_MSGSEND = YES;
				ENABLE_TESTABILITY = YES;
				GCC_C_LANGUAGE_STANDARD = gnu11;
				GCC_DYNAMIC_NO_PIC = NO;
				GCC_NO_COMMON_BLOCKS = YES;
				GCC_OPTIMIZATION_LEVEL = 0;
				GCC_PREPROCESSOR_DEFINITIONS = (
					"DEBUG=1",
					"$(inherited)",
				);
				GCC_WARN_64_TO_32_BIT_CONVERSION = YES;
				GCC_WARN_ABOUT_RETURN_TYPE = YES_ERROR;
				GCC_WARN_UNDECLARED_SELECTOR = YES;
				GCC_WARN_UNINITIALIZED_AUTOS = YES_AGGRESSIVE;
				GCC_WARN_UNUSED_FUNCTION = YES;
				GCC_WARN_UNUSED_VARIABLE = YES;
				IPHONEOS_DEPLOYMENT_TARGET = 11.3;
				MTL_ENABLE_DEBUG_INFO = YES;
				ONLY_ACTIVE_ARCH = YES;
				SDKROOT = iphoneos;
				SWIFT_ACTIVE_COMPILATION_CONDITIONS = DEBUG;
				SWIFT_OPTIMIZATION_LEVEL = "-Onone";
			};
			name = Debug;
		};
		B623713820C08804007D5E4C /* Release */ = {
			isa = XCBuildConfiguration;
			buildSettings = {
				ALWAYS_SEARCH_USER_PATHS = NO;
				CLANG_ANALYZER_NONNULL = YES;
				CLANG_ANALYZER_NUMBER_OBJECT_CONVERSION = YES_AGGRESSIVE;
				CLANG_CXX_LANGUAGE_STANDARD = "gnu++14";
				CLANG_CXX_LIBRARY = "libc++";
				CLANG_ENABLE_MODULES = YES;
				CLANG_ENABLE_OBJC_ARC = YES;
				CLANG_ENABLE_OBJC_WEAK = YES;
				CLANG_WARN_BLOCK_CAPTURE_AUTORELEASING = YES;
				CLANG_WARN_BOOL_CONVERSION = YES;
				CLANG_WARN_COMMA = YES;
				CLANG_WARN_CONSTANT_CONVERSION = YES;
				CLANG_WARN_DEPRECATED_OBJC_IMPLEMENTATIONS = YES;
				CLANG_WARN_DIRECT_OBJC_ISA_USAGE = YES_ERROR;
				CLANG_WARN_DOCUMENTATION_COMMENTS = YES;
				CLANG_WARN_EMPTY_BODY = YES;
				CLANG_WARN_ENUM_CONVERSION = YES;
				CLANG_WARN_INFINITE_RECURSION = YES;
				CLANG_WARN_INT_CONVERSION = YES;
				CLANG_WARN_NON_LITERAL_NULL_CONVERSION = YES;
				CLANG_WARN_OBJC_IMPLICIT_RETAIN_SELF = YES;
				CLANG_WARN_OBJC_LITERAL_CONVERSION = YES;
				CLANG_WARN_OBJC_ROOT_CLASS = YES_ERROR;
				CLANG_WARN_RANGE_LOOP_ANALYSIS = YES;
				CLANG_WARN_STRICT_PROTOTYPES = YES;
				CLANG_WARN_SUSPICIOUS_MOVE = YES;
				CLANG_WARN_UNGUARDED_AVAILABILITY = YES_AGGRESSIVE;
				CLANG_WARN_UNREACHABLE_CODE = YES;
				CLANG_WARN__DUPLICATE_METHOD_MATCH = YES;
				CODE_SIGN_IDENTITY = "iPhone Developer";
				COPY_PHASE_STRIP = NO;
				DEBUG_INFORMATION_FORMAT = "dwarf-with-dsym";
				ENABLE_NS_ASSERTIONS = NO;
				ENABLE_STRICT_OBJC_MSGSEND = YES;
				GCC_C_LANGUAGE_STANDARD = gnu11;
				GCC_NO_COMMON_BLOCKS = YES;
				GCC_WARN_64_TO_32_BIT_CONVERSION = YES;
				GCC_WARN_ABOUT_RETURN_TYPE = YES_ERROR;
				GCC_WARN_UNDECLARED_SELECTOR = YES;
				GCC_WARN_UNINITIALIZED_AUTOS = YES_AGGRESSIVE;
				GCC_WARN_UNUSED_FUNCTION = YES;
				GCC_WARN_UNUSED_VARIABLE = YES;
				IPHONEOS_DEPLOYMENT_TARGET = 11.3;
				MTL_ENABLE_DEBUG_INFO = NO;
				SDKROOT = iphoneos;
				SWIFT_COMPILATION_MODE = wholemodule;
				SWIFT_OPTIMIZATION_LEVEL = "-O";
				VALIDATE_PRODUCT = YES;
			};
			name = Release;
		};
		B623713A20C08804007D5E4C /* Debug */ = {
			isa = XCBuildConfiguration;
			buildSettings = {
				ASSETCATALOG_COMPILER_APPICON_NAME = AppIcon;
				CODE_SIGN_STYLE = Automatic;
				DEVELOPMENT_TEAM = 3Q76DGNCRR;
				INFOPLIST_FILE = lolStalker/Info.plist;
				IPHONEOS_DEPLOYMENT_TARGET = 11.0;
				LD_RUNPATH_SEARCH_PATHS = (
					"$(inherited)",
					"@executable_path/Frameworks",
				);
				PRODUCT_BUNDLE_IDENTIFIER = com.muhandjumah.lolStalker;
				PRODUCT_NAME = "$(TARGET_NAME)";
				SWIFT_VERSION = 4.0;
				TARGETED_DEVICE_FAMILY = "1,2";
			};
			name = Debug;
		};
		B623713B20C08804007D5E4C /* Release */ = {
			isa = XCBuildConfiguration;
			buildSettings = {
				ASSETCATALOG_COMPILER_APPICON_NAME = AppIcon;
				CODE_SIGN_STYLE = Automatic;
				DEVELOPMENT_TEAM = 3Q76DGNCRR;
				INFOPLIST_FILE = lolStalker/Info.plist;
				IPHONEOS_DEPLOYMENT_TARGET = 11.0;
				LD_RUNPATH_SEARCH_PATHS = (
					"$(inherited)",
					"@executable_path/Frameworks",
				);
				PRODUCT_BUNDLE_IDENTIFIER = com.muhandjumah.lolStalker;
				PRODUCT_NAME = "$(TARGET_NAME)";
				SWIFT_VERSION = 4.0;
				TARGETED_DEVICE_FAMILY = "1,2";
			};
			name = Release;
		};
/* End XCBuildConfiguration section */

/* Begin XCConfigurationList section */
		B623712220C08803007D5E4C /* Build configuration list for PBXProject "lolStalker" */ = {
			isa = XCConfigurationList;
			buildConfigurations = (
				B623713720C08804007D5E4C /* Debug */,
				B623713820C08804007D5E4C /* Release */,
			);
			defaultConfigurationIsVisible = 0;
			defaultConfigurationName = Release;
		};
		B623713920C08804007D5E4C /* Build configuration list for PBXNativeTarget "lolStalker" */ = {
			isa = XCConfigurationList;
			buildConfigurations = (
				B623713A20C08804007D5E4C /* Debug */,
				B623713B20C08804007D5E4C /* Release */,
			);
			defaultConfigurationIsVisible = 0;
			defaultConfigurationName = Release;
		};
/* End XCConfigurationList section */
	};
	rootObject = B623711F20C08803007D5E4C /* Project object */;
}
